
Microsoft Visual Studio Solution File, Format Version 12.00
# Visual Studio Version 16
VisualStudioVersion = 16.0.29324.140
MinimumVisualStudioVersion = 10.0.40219.1
Project("{9A19103F-16F7-4668-BE54-9A1E7A4F7556}") = "LoRWatcher", "LoRWatcher\LoRWatcher.csproj", "{F68C2442-8EC3-49BB-862C-3FEC6B6CB5EC}"
EndProject
Global
	GlobalSection(SolutionConfigurationPlatforms) = preSolution
		Debug|Any CPU = Debug|Any CPU
		Release|Any CPU = Release|Any CPU
	EndGlobalSection
	GlobalSection(ProjectConfigurationPlatforms) = postSolution
		{F68C2442-8EC3-49BB-862C-3FEC6B6CB5EC}.Debug|Any CPU.ActiveCfg = Debug|Any CPU
		{F68C2442-8EC3-49BB-862C-3FEC6B6CB5EC}.Debug|Any CPU.Build.0 = Debug|Any CPU
		{F68C2442-8EC3-49BB-862C-3FEC6B6CB5EC}.Release|Any CPU.ActiveCfg = Release|Any CPU
		{F68C2442-8EC3-49BB-862C-3FEC6B6CB5EC}.Release|Any CPU.Build.0 = Release|Any CPU
	EndGlobalSection
	GlobalSection(SolutionProperties) = preSolution
		HideSolutionNode = FALSE
	EndGlobalSection
	GlobalSection(ExtensibilityGlobals) = postSolution
		SolutionGuid = {7B59AEC0-80F6-4BB1-85B1-5D530FDC6CA9}
	EndGlobalSection
EndGlobal
